
Microsoft Visual Studio Solution File, Format Version 12.00
# Visual Studio Version 17
VisualStudioVersion = 17.4.33213.308
MinimumVisualStudioVersion = 10.0.40219.1
Project("{FAE04EC0-301F-11D3-BF4B-00C04F79EFBC}") = "ExtraaEdgeAssignment1", "ExtraaEdgeAssignment1\ExtraaEdgeAssignment1.csproj", "{11D936E9-A8EB-4D5C-B8E0-7B533012AEAF}"
EndProject
Global
	GlobalSection(SolutionConfigurationPlatforms) = preSolution
		Debug|Any CPU = Debug|Any CPU
		Release|Any CPU = Release|Any CPU
	EndGlobalSection
	GlobalSection(ProjectConfigurationPlatforms) = postSolution
		{11D936E9-A8EB-4D5C-B8E0-7B533012AEAF}.Debug|Any CPU.ActiveCfg = Debug|Any CPU
		{11D936E9-A8EB-4D5C-B8E0-7B533012AEAF}.Debug|Any CPU.Build.0 = Debug|Any CPU
		{11D936E9-A8EB-4D5C-B8E0-7B533012AEAF}.Release|Any CPU.ActiveCfg = Release|Any CPU
		{11D936E9-A8EB-4D5C-B8E0-7B533012AEAF}.Release|Any CPU.Build.0 = Release|Any CPU
	EndGlobalSection
	GlobalSection(SolutionProperties) = preSolution
		HideSolutionNode = FALSE
	EndGlobalSection
	GlobalSection(ExtensibilityGlobals) = postSolution
		SolutionGuid = {3FB73FC2-34FD-464F-8291-BF0CC5CE2AD5}
	EndGlobalSection
EndGlobal
